
Microsoft Visual Studio Solution File, Format Version 12.00
# Visual Studio Version 16
VisualStudioVersion = 16.0.31613.86
MinimumVisualStudioVersion = 10.0.40219.1
Project("{FAE04EC0-301F-11D3-BF4B-00C04F79EFBC}") = "DataCenter", "DataCenter\DataCenter.csproj", "{D6721248-39BC-4A7D-B0B4-F0F9E4BDF4F2}"
EndProject
Project("{FAE04EC0-301F-11D3-BF4B-00C04F79EFBC}") = "DataCenterTests", "DataCenterTests\DataCenterTests.csproj", "{CD8CBF65-B973-482C-8153-5F8B0537604F}"
EndProject
Global
	GlobalSection(SolutionConfigurationPlatforms) = preSolution
		Debug|Any CPU = Debug|Any CPU
		Release|Any CPU = Release|Any CPU
	EndGlobalSection
	GlobalSection(ProjectConfigurationPlatforms) = postSolution
		{D6721248-39BC-4A7D-B0B4-F0F9E4BDF4F2}.Debug|Any CPU.ActiveCfg = Debug|Any CPU
		{D6721248-39BC-4A7D-B0B4-F0F9E4BDF4F2}.Debug|Any CPU.Build.0 = Debug|Any CPU
		{D6721248-39BC-4A7D-B0B4-F0F9E4BDF4F2}.Release|Any CPU.ActiveCfg = Release|Any CPU
		{D6721248-39BC-4A7D-B0B4-F0F9E4BDF4F2}.Release|Any CPU.Build.0 = Release|Any CPU
		{CD8CBF65-B973-482C-8153-5F8B0537604F}.Debug|Any CPU.ActiveCfg = Debug|Any CPU
		{CD8CBF65-B973-482C-8153-5F8B0537604F}.Debug|Any CPU.Build.0 = Debug|Any CPU
		{CD8CBF65-B973-482C-8153-5F8B0537604F}.Release|Any CPU.ActiveCfg = Release|Any CPU
		{CD8CBF65-B973-482C-8153-5F8B0537604F}.Release|Any CPU.Build.0 = Release|Any CPU
	EndGlobalSection
	GlobalSection(SolutionProperties) = preSolution
		HideSolutionNode = FALSE
	EndGlobalSection
	GlobalSection(ExtensibilityGlobals) = postSolution
		SolutionGuid = {8DD4915F-D8F7-4671-A954-7F22F9DD1536}
	EndGlobalSection
EndGlobal
